
Microsoft Visual Studio Solution File, Format Version 12.00
# Visual Studio Version 17
VisualStudioVersion = 17.6.33801.468
MinimumVisualStudioVersion = 10.0.40219.1
Project("{FAE04EC0-301F-11D3-BF4B-00C04F79EFBC}") = "SpEntity", "SpEntity\SpEntity.csproj", "{E9F913B1-7D4F-460B-B4A7-2B4BD8FFD1DF}"
EndProject
Global
	GlobalSection(SolutionConfigurationPlatforms) = preSolution
		Debug|Any CPU = Debug|Any CPU
		Release|Any CPU = Release|Any CPU
	EndGlobalSection
	GlobalSection(ProjectConfigurationPlatforms) = postSolution
		{E9F913B1-7D4F-460B-B4A7-2B4BD8FFD1DF}.Debug|Any CPU.ActiveCfg = Debug|Any CPU
		{E9F913B1-7D4F-460B-B4A7-2B4BD8FFD1DF}.Debug|Any CPU.Build.0 = Debug|Any CPU
		{E9F913B1-7D4F-460B-B4A7-2B4BD8FFD1DF}.Release|Any CPU.ActiveCfg = Release|Any CPU
		{E9F913B1-7D4F-460B-B4A7-2B4BD8FFD1DF}.Release|Any CPU.Build.0 = Release|Any CPU
	EndGlobalSection
	GlobalSection(SolutionProperties) = preSolution
		HideSolutionNode = FALSE
	EndGlobalSection
	GlobalSection(ExtensibilityGlobals) = postSolution
		SolutionGuid = {C2246D99-5BB1-45B5-B500-9367A2148DBF}
	EndGlobalSection
EndGlobal
